{
  "pins" : [
    {
      "identity" : "swift-case-paths",
      "kind" : "remoteSourceControl",
      "location" : "https://github.com/pointfreeco/swift-case-paths",
      "state" : {
        "revision" : "bb436421f57269fbcfe7360735985321585a86e5",
        "version" : "0.10.1"
      }
    },
    {
      "identity" : "swift-collections",
      "kind" : "remoteSourceControl",
      "location" : "https://github.com/apple/swift-collections.git",
      "state" : {
        "revision" : "48254824bb4248676bf7ce56014ff57b142b77eb",
        "version" : "1.0.2"
      }
    },
    {
      "identity" : "swift-custom-dump",
      "kind" : "remoteSourceControl",
      "location" : "https://github.com/pointfreeco/swift-custom-dump.git",
      "state" : {
        "revision" : "c4f78db9b90ca57b7b6abc2223e235242739ea3c",
        "version" : "0.4.0"
      }
    },
    {
      "identity" : "swift-parsing",
      "kind" : "remoteSourceControl",
      "location" : "https://github.com/pointfreeco/swift-parsing.git",
      "state" : {
        "revision" : "bc92e84968990b41640214b636667f35b6e5d44c",
        "version" : "0.10.0"
      }
    },
    {
      "identity" : "xctest-dynamic-overlay",
      "kind" : "remoteSourceControl",
      "location" : "https://github.com/pointfreeco/xctest-dynamic-overlay",
      "state" : {
        "revision" : "5a5457a744239896e9b0b03a8e1a5069c3e7b91f",
        "version" : "0.6.0"
      }
    }
  ],
  "version" : 2
}
